
Microsoft Visual Studio Solution File, Format Version 12.00
# Visual Studio Version 16
VisualStudioVersion = 16.0.30114.105
MinimumVisualStudioVersion = 10.0.40219.1
Project("{FAE04EC0-301F-11D3-BF4B-00C04F79EFBC}") = "WebUI", "WebUI\WebUI.csproj", "{F5062454-8A2F-4B37-8369-80A91F6B1FE9}"
EndProject
Project("{FAE04EC0-301F-11D3-BF4B-00C04F79EFBC}") = "Core", "Core\Core.csproj", "{52468873-454E-4D57-BCFA-C6DCE8253722}"
EndProject
Project("{FAE04EC0-301F-11D3-BF4B-00C04F79EFBC}") = "Infrastructure", "Infrastructure\Infrastructure.csproj", "{EF8CFB11-7808-4254-BFFF-623BAE375682}"
EndProject
Global
	GlobalSection(SolutionConfigurationPlatforms) = preSolution
		Debug|Any CPU = Debug|Any CPU
		Release|Any CPU = Release|Any CPU
	EndGlobalSection
	GlobalSection(ProjectConfigurationPlatforms) = postSolution
		{F5062454-8A2F-4B37-8369-80A91F6B1FE9}.Debug|Any CPU.ActiveCfg = Debug|Any CPU
		{F5062454-8A2F-4B37-8369-80A91F6B1FE9}.Debug|Any CPU.Build.0 = Debug|Any CPU
		{F5062454-8A2F-4B37-8369-80A91F6B1FE9}.Release|Any CPU.ActiveCfg = Release|Any CPU
		{F5062454-8A2F-4B37-8369-80A91F6B1FE9}.Release|Any CPU.Build.0 = Release|Any CPU
		{52468873-454E-4D57-BCFA-C6DCE8253722}.Debug|Any CPU.ActiveCfg = Debug|Any CPU
		{52468873-454E-4D57-BCFA-C6DCE8253722}.Debug|Any CPU.Build.0 = Debug|Any CPU
		{52468873-454E-4D57-BCFA-C6DCE8253722}.Release|Any CPU.ActiveCfg = Release|Any CPU
		{52468873-454E-4D57-BCFA-C6DCE8253722}.Release|Any CPU.Build.0 = Release|Any CPU
		{EF8CFB11-7808-4254-BFFF-623BAE375682}.Debug|Any CPU.ActiveCfg = Debug|Any CPU
		{EF8CFB11-7808-4254-BFFF-623BAE375682}.Debug|Any CPU.Build.0 = Debug|Any CPU
		{EF8CFB11-7808-4254-BFFF-623BAE375682}.Release|Any CPU.ActiveCfg = Release|Any CPU
		{EF8CFB11-7808-4254-BFFF-623BAE375682}.Release|Any CPU.Build.0 = Release|Any CPU
	EndGlobalSection
	GlobalSection(SolutionProperties) = preSolution
		HideSolutionNode = FALSE
	EndGlobalSection
	GlobalSection(ExtensibilityGlobals) = postSolution
		SolutionGuid = {6B44AD6A-BFCF-44A7-A8EA-F11DB87DB0CF}
	EndGlobalSection
EndGlobal
